#MicroXplorer Configuration settings - do not modify
ADC2.AWD1HighThreshold=50000
ADC2.AWD1ITMode=ENABLE
ADC2.Channel-0\#ChannelRegularConversion=ADC_CHANNEL_2
ADC2.ContinuousConvMode=ENABLE
ADC2.EnableAnalogWatchDog1=true
ADC2.IPParameters=Rank-0\#ChannelRegularConversion,Channel-0\#ChannelRegularConversion,SamplingTime-0\#ChannelRegularConversion,OffsetNumber-0\#ChannelRegularConversion,OffsetSignedSaturation-0\#ChannelRegularConversion,NbrOfConversionFlag,ContinuousConvMode,SingleDiff-0\#ChannelRegularConversion,EnableAnalogWatchDog1,WatchdogChannel,AWD1HighThreshold,AWD1ITMode
ADC2.NbrOfConversionFlag=1
ADC2.OffsetNumber-0\#ChannelRegularConversion=ADC_OFFSET_NONE
ADC2.OffsetSignedSaturation-0\#ChannelRegularConversion=DISABLE
ADC2.Rank-0\#ChannelRegularConversion=1
ADC2.SamplingTime-0\#ChannelRegularConversion=ADC_SAMPLETIME_2CYCLES_5
ADC2.SingleDiff-0\#ChannelRegularConversion=ADC_DIFFERENTIAL_ENDED
ADC2.WatchdogChannel=ADC_CHANNEL_2
ADC3.AWD1FilteringConfig=ADC3_AWD_FILTERING_4SAMPLES
ADC3.AWD1HighThreshold=4000
ADC3.Channel-0\#ChannelRegularConversion=ADC_CHANNEL_1
ADC3.ContinuousConvMode=ENABLE
ADC3.ConversionDataManagement=ADC_CONVERSIONDATA_DMA_CIRCULAR
ADC3.DMAContinuousRequests=ENABLE
ADC3.EnableAnalogWatchDog1=true
ADC3.IPParameters=Rank-0\#ChannelRegularConversion,Channel-0\#ChannelRegularConversion,SamplingTime-0\#ChannelRegularConversion,OffsetNumber-0\#ChannelRegularConversion,OffsetSign-0\#ChannelRegularConversion,NbrOfConversionFlag,NbrOfConversion,ConversionDataManagement,ContinuousConvMode,DMAContinuousRequests,EnableAnalogWatchDog1,WatchdogChannel,AWD1HighThreshold,AWD1FilteringConfig
ADC3.NbrOfConversion=1
ADC3.NbrOfConversionFlag=1
ADC3.OffsetNumber-0\#ChannelRegularConversion=ADC_OFFSET_NONE
ADC3.OffsetSign-0\#ChannelRegularConversion=ADC3_OFFSET_SIGN_NEGATIVE
ADC3.Rank-0\#ChannelRegularConversion=1
ADC3.SamplingTime-0\#ChannelRegularConversion=ADC3_SAMPLETIME_2CYCLES_5
ADC3.WatchdogChannel=ADC_CHANNEL_1
BSP_IP_NAME=NUCLEO-H723ZG
Bdma.ADC3.0.Direction=DMA_PERIPH_TO_MEMORY
Bdma.ADC3.0.EventEnable=DISABLE
Bdma.ADC3.0.Instance=BDMA_Channel0
Bdma.ADC3.0.MemDataAlignment=DMA_MDATAALIGN_HALFWORD
Bdma.ADC3.0.MemInc=DMA_MINC_ENABLE
Bdma.ADC3.0.Mode=DMA_CIRCULAR
Bdma.ADC3.0.PeriphDataAlignment=DMA_PDATAALIGN_HALFWORD
Bdma.ADC3.0.PeriphInc=DMA_PINC_DISABLE
Bdma.ADC3.0.Polarity=HAL_DMAMUX_REQ_GEN_RISING
Bdma.ADC3.0.Priority=DMA_PRIORITY_LOW
Bdma.ADC3.0.RequestNumber=1
Bdma.ADC3.0.RequestParameters=Instance,Direction,PeriphInc,MemInc,PeriphDataAlignment,MemDataAlignment,Mode,Priority,SignalID,Polarity,RequestNumber,SyncSignalID,SyncPolarity,SyncEnable,EventEnable,SyncRequestNumber
Bdma.ADC3.0.SignalID=NONE
Bdma.ADC3.0.SyncEnable=DISABLE
Bdma.ADC3.0.SyncPolarity=HAL_DMAMUX_SYNC_NO_EVENT
Bdma.ADC3.0.SyncRequestNumber=1
Bdma.ADC3.0.SyncSignalID=NONE
Bdma.Request0=ADC3
Bdma.RequestsNb=1
CAD.formats=[]
CAD.pinconfig=Dual
CAD.provider=
CORTEX_M7.CPU_DCache=Disabled
CORTEX_M7.CPU_ICache=Disabled
CORTEX_M7.IPParameters=default_mode_Activation,CPU_ICache,CPU_DCache
CORTEX_M7.default_mode_Activation=0
ETH.IPParameters=MediaInterface
ETH.MediaInterface=HAL_ETH_RMII_MODE
FREERTOS.FootprintOK=false
FREERTOS.IPParameters=Tasks01,configTOTAL_HEAP_SIZE,FootprintOK,configUSE_NEWLIB_REENTRANT
FREERTOS.Tasks01=Server,24,2048,server,Default,NULL,Dynamic,NULL,NULL
FREERTOS.configTOTAL_HEAP_SIZE=65536
FREERTOS.configUSE_NEWLIB_REENTRANT=1
File.Version=6
GPIO.groupedBy=Group By Peripherals
I2C4.I2C_Speed_Mode=I2C_Fast
I2C4.IPParameters=Timing,I2C_Speed_Mode,Speed
I2C4.Speed=400
I2C4.Timing=0x00D049FB
KeepUserPlacement=false
MMTAppReg1.MEMORYMAP.AppRegionName=DTCMRAM
MMTAppReg1.MEMORYMAP.Cacheability=WBRAWA
MMTAppReg1.MEMORYMAP.ContextName=Cortex-M7NS
MMTAppReg1.MEMORYMAP.CoreName=Arm Cortex-M7
MMTAppReg1.MEMORYMAP.IPParameters=StartAddress,Size,CoreName,ContextName,Name,Cacheability
MMTAppReg1.MEMORYMAP.Name=DTCMRAM
MMTAppReg1.MEMORYMAP.Size=131072
MMTAppReg1.MEMORYMAP.StartAddress=0x20000000
MMTAppReg2.MEMORYMAP.AppRegionName=RAM
MMTAppReg2.MEMORYMAP.Cacheability=WBRAWA
MMTAppReg2.MEMORYMAP.ContextName=Cortex-M7NS
MMTAppReg2.MEMORYMAP.CoreName=Arm Cortex-M7
MMTAppReg2.MEMORYMAP.DefaultDataRegion=true
MMTAppReg2.MEMORYMAP.IPParameters=StartAddress,Size,CoreName,ContextName,Name,Cacheability,DefaultDataRegion
MMTAppReg2.MEMORYMAP.Name=RAM
MMTAppReg2.MEMORYMAP.Size=131072
MMTAppReg2.MEMORYMAP.StartAddress=0x24000000
MMTAppReg3.MEMORYMAP.AppRegionName=RAM_D2
MMTAppReg3.MEMORYMAP.Cacheability=WBRAWA
MMTAppReg3.MEMORYMAP.ContextName=Cortex-M7NS
MMTAppReg3.MEMORYMAP.CoreName=Arm Cortex-M7
MMTAppReg3.MEMORYMAP.IPParameters=StartAddress,Size,CoreName,ContextName,Name,Cacheability
MMTAppReg3.MEMORYMAP.Name=RAM_D2
MMTAppReg3.MEMORYMAP.Size=32768
MMTAppReg3.MEMORYMAP.StartAddress=0x30000000
MMTAppReg4.MEMORYMAP.AppRegionName=RAM_D3
MMTAppReg4.MEMORYMAP.Cacheability=WBRAWA
MMTAppReg4.MEMORYMAP.ContextName=Cortex-M7NS
MMTAppReg4.MEMORYMAP.CoreName=Arm Cortex-M7
MMTAppReg4.MEMORYMAP.IPParameters=StartAddress,Size,CoreName,ContextName,Name,Cacheability
MMTAppReg4.MEMORYMAP.Name=RAM_D3
MMTAppReg4.MEMORYMAP.Size=16384
MMTAppReg4.MEMORYMAP.StartAddress=0x38000000
MMTAppReg5.MEMORYMAP.AppRegionName=ITCMRAM
MMTAppReg5.MEMORYMAP.Cacheability=WTRA
MMTAppReg5.MEMORYMAP.ContextName=Cortex-M7NS
MMTAppReg5.MEMORYMAP.CoreName=Arm Cortex-M7
MMTAppReg5.MEMORYMAP.IPParameters=StartAddress,Size,CoreName,ContextName,Name,Cacheability
MMTAppReg5.MEMORYMAP.Name=ITCMRAM
MMTAppReg5.MEMORYMAP.Size=65536
MMTAppReg5.MEMORYMAP.StartAddress=0x00000000
MMTAppReg6.MEMORYMAP.AP=RO_priv_only
MMTAppReg6.MEMORYMAP.AppRegionName=FLASH
MMTAppReg6.MEMORYMAP.Cacheability=WTRA
MMTAppReg6.MEMORYMAP.ContextName=Cortex-M7NS
MMTAppReg6.MEMORYMAP.CoreName=Arm Cortex-M7
MMTAppReg6.MEMORYMAP.DefaultCodeRegion=true
MMTAppReg6.MEMORYMAP.IPParameters=StartAddress,Size,CoreName,MemType,ContextName,Name,AP,Cacheability,DefaultCodeRegion,ISRRegion,RootBootRegion
MMTAppReg6.MEMORYMAP.ISRRegion=true
MMTAppReg6.MEMORYMAP.MemType=ROM
MMTAppReg6.MEMORYMAP.Name=FLASH
MMTAppReg6.MEMORYMAP.RootBootRegion=true
MMTAppReg6.MEMORYMAP.Size=1048576
MMTAppReg6.MEMORYMAP.StartAddress=0x08000000
MMTAppRegionsCount=6
MMTConfigApplied=false
Mcu.CPN=STM32H723ZGT6
Mcu.Family=STM32H7
Mcu.IP0=ADC2
Mcu.IP1=ADC3
Mcu.IP10=RNG
Mcu.IP11=SYS
Mcu.IP12=USART3
Mcu.IP13=NUCLEO-H723ZG
Mcu.IP2=BDMA
Mcu.IP3=CORTEX_M7
Mcu.IP4=ETH
Mcu.IP5=FREERTOS
Mcu.IP6=I2C4
Mcu.IP7=MEMORYMAP
Mcu.IP8=NVIC
Mcu.IP9=RCC
Mcu.IPNb=14
Mcu.Name=STM32H723ZGTx
Mcu.Package=LQFP144
Mcu.Pin0=PC13
Mcu.Pin1=PC14-OSC32_IN
Mcu.Pin10=PB0
Mcu.Pin11=PF13
Mcu.Pin12=PF14
Mcu.Pin13=PF15
Mcu.Pin14=PB13
Mcu.Pin15=PB14
Mcu.Pin16=PD8
Mcu.Pin17=PD9
Mcu.Pin18=PD12
Mcu.Pin19=PA13(JTMS/SWDIO)
Mcu.Pin2=PC15-OSC32_OUT
Mcu.Pin20=PA14(JTCK/SWCLK)
Mcu.Pin21=PG11
Mcu.Pin22=PG13
Mcu.Pin23=PE1
Mcu.Pin24=VP_FREERTOS_VS_CMSIS_V2
Mcu.Pin25=VP_RNG_VS_RNG
Mcu.Pin26=VP_SYS_VS_tim6
Mcu.Pin27=VP_MEMORYMAP_VS_MEMORYMAP
Mcu.Pin3=PC1
Mcu.Pin4=PC3_C
Mcu.Pin5=PA1
Mcu.Pin6=PA2
Mcu.Pin7=PA7
Mcu.Pin8=PC4
Mcu.Pin9=PC5
Mcu.PinsNb=28
Mcu.ThirdPartyNb=0
Mcu.UserConstants=
Mcu.UserName=STM32H723ZGTx
MxCube.Version=6.13.0
MxDb.Version=DB.6.0.130
NVIC.ADC3_IRQn=true\:5\:0\:false\:false\:true\:true\:true\:true\:true
NVIC.ADC_IRQn=true\:5\:0\:false\:false\:true\:true\:true\:true\:true
NVIC.BDMA_Channel0_IRQn=true\:5\:0\:false\:false\:true\:true\:false\:true\:true
NVIC.BusFault_IRQn=true\:0\:0\:false\:false\:true\:false\:false\:false\:false
NVIC.DebugMonitor_IRQn=true\:0\:0\:false\:false\:true\:false\:false\:false\:false
NVIC.ETH_IRQn=true\:5\:0\:false\:false\:true\:true\:true\:true\:true
NVIC.ForceEnableDMAVector=true
NVIC.HardFault_IRQn=true\:0\:0\:false\:false\:true\:false\:false\:false\:false
NVIC.MemoryManagement_IRQn=true\:0\:0\:false\:false\:true\:false\:false\:false\:false
NVIC.NonMaskableInt_IRQn=true\:0\:0\:false\:false\:true\:false\:false\:false\:false
NVIC.PendSV_IRQn=true\:15\:0\:false\:false\:false\:true\:false\:false\:false
NVIC.PriorityGroup=NVIC_PRIORITYGROUP_4
NVIC.SVCall_IRQn=true\:0\:0\:false\:false\:false\:false\:false\:false\:false
NVIC.SavedPendsvIrqHandlerGenerated=true
NVIC.SavedSvcallIrqHandlerGenerated=true
NVIC.SavedSystickIrqHandlerGenerated=true
NVIC.SysTick_IRQn=true\:15\:0\:false\:false\:false\:true\:false\:true\:false
NVIC.TIM6_DAC_IRQn=true\:15\:0\:false\:false\:true\:false\:false\:true\:true
NVIC.TimeBase=TIM6_DAC_IRQn
NVIC.TimeBaseIP=TIM6
NVIC.UsageFault_IRQn=true\:0\:0\:false\:false\:true\:false\:false\:false\:false
PA1.GPIOParameters=GPIO_Speed,GPIO_Label
PA1.GPIO_Label=RMII_REF_CLK
PA1.GPIO_Speed=GPIO_SPEED_FREQ_VERY_HIGH
PA1.Mode=RMII
PA1.Signal=ETH_REF_CLK
PA13(JTMS/SWDIO).GPIOParameters=GPIO_Label
PA13(JTMS/SWDIO).GPIO_Label=SWDIO
PA13(JTMS/SWDIO).Locked=true
PA13(JTMS/SWDIO).Signal=DEBUG_JTMS-SWDIO
PA14(JTCK/SWCLK).GPIOParameters=GPIO_Label
PA14(JTCK/SWCLK).GPIO_Label=SWCLK
PA14(JTCK/SWCLK).Locked=true
PA14(JTCK/SWCLK).Signal=DEBUG_JTCK-SWCLK
PA2.GPIOParameters=GPIO_Speed,GPIO_Label
PA2.GPIO_Label=RMII_MDIO
PA2.GPIO_Speed=GPIO_SPEED_FREQ_VERY_HIGH
PA2.Mode=RMII
PA2.Signal=ETH_MDIO
PA7.GPIOParameters=GPIO_Speed,GPIO_Label
PA7.GPIO_Label=RMII_CRS_DV
PA7.GPIO_Speed=GPIO_SPEED_FREQ_VERY_HIGH
PA7.Mode=RMII
PA7.Signal=ETH_CRS_DV
PB0.GPIOParameters=GPIO_Label,GPIO_ModeDefaultOutputPP
PB0.GPIO_Label=LED_GREEN
PB0.GPIO_ModeDefaultOutputPP=GPIO_MODE_OUTPUT_PP
PB0.Locked=true
PB0.Signal=GPIO_Output
PB13.GPIOParameters=GPIO_Speed,GPIO_Label
PB13.GPIO_Label=RMII_TXD1
PB13.GPIO_Speed=GPIO_SPEED_FREQ_VERY_HIGH
PB13.Mode=RMII
PB13.Signal=ETH_TXD1
PB14.GPIOParameters=GPIO_Label
PB14.GPIO_Label=LED_RED
PB14.Locked=true
PB14.Signal=GPIO_Output
PC1.GPIOParameters=GPIO_Speed,GPIO_Label
PC1.GPIO_Label=RMII_MDC
PC1.GPIO_Speed=GPIO_SPEED_FREQ_VERY_HIGH
PC1.Mode=RMII
PC1.Signal=ETH_MDC
PC13.GPIOParameters=GPIO_Label
PC13.GPIO_Label=B1 (User Button)
PC13.Locked=true
PC13.Signal=GPIO_Input
PC14-OSC32_IN.Locked=true
PC14-OSC32_IN.Signal=RCC_OSC32_IN
PC15-OSC32_OUT.Locked=true
PC15-OSC32_OUT.Signal=RCC_OSC32_OUT
PC3_C.Mode=IN1-Single-Ended
PC3_C.Signal=ADC3_INP1
PC4.GPIOParameters=GPIO_Speed,GPIO_Label
PC4.GPIO_Label=RMII_RXD0
PC4.GPIO_Speed=GPIO_SPEED_FREQ_VERY_HIGH
PC4.Mode=RMII
PC4.Signal=ETH_RXD0
PC5.GPIOParameters=GPIO_Speed,GPIO_Label
PC5.GPIO_Label=RMII_RXD1
PC5.GPIO_Speed=GPIO_SPEED_FREQ_VERY_HIGH
PC5.Mode=RMII
PC5.Signal=ETH_RXD1
PD12.Locked=true
PD12.Mode=I2C
PD12.Signal=I2C4_SCL
PD8.GPIOParameters=GPIO_Label
PD8.GPIO_Label=STLK_VCP_RX
PD8.Locked=true
PD8.Mode=Asynchronous
PD8.Signal=USART3_TX
PD9.GPIOParameters=GPIO_Label
PD9.GPIO_Label=STLK_VCP_TX
PD9.Locked=true
PD9.Mode=Asynchronous
PD9.Signal=USART3_RX
PE1.GPIOParameters=GPIO_Label
PE1.GPIO_Label=LED_YELLOW
PE1.Locked=true
PE1.Signal=GPIO_Output
PF13.Mode=IN2-Differential
PF13.Signal=ADC2_INP2
PF14.Mode=IN2-Differential
PF14.Signal=ADC2_INN2
PF15.Mode=I2C
PF15.Signal=I2C4_SDA
PG11.GPIOParameters=GPIO_Speed,GPIO_Label
PG11.GPIO_Label=RMII_TX_EN
PG11.GPIO_Speed=GPIO_SPEED_FREQ_VERY_HIGH
PG11.Locked=true
PG11.Mode=RMII
PG11.Signal=ETH_TX_EN
PG13.GPIOParameters=GPIO_Speed,GPIO_Label
PG13.GPIO_Label=RMII_TXD0
PG13.GPIO_Speed=GPIO_SPEED_FREQ_VERY_HIGH
PG13.Locked=true
PG13.Mode=RMII
PG13.Signal=ETH_TXD0
PinOutPanel.RotationAngle=0
ProjectManager.AskForMigrate=true
ProjectManager.BackupPrevious=false
ProjectManager.CompilerOptimize=6
ProjectManager.ComputerToolchain=false
ProjectManager.CoupleFile=false
ProjectManager.CustomerFirmwarePackage=
ProjectManager.DefaultFWLocation=true
ProjectManager.DeletePrevious=true
ProjectManager.DeviceId=STM32H723ZGTx
ProjectManager.FirmwarePackage=STM32Cube FW_H7 V1.12.1
ProjectManager.FreePins=false
ProjectManager.HalAssertFull=false
ProjectManager.HeapSize=0x200
ProjectManager.KeepUserCode=true
ProjectManager.LastFirmware=true
ProjectManager.LibraryCopy=1
ProjectManager.MainLocation=Core/Src
ProjectManager.NoMain=false
ProjectManager.PreviousToolchain=
ProjectManager.ProjectBuild=false
ProjectManager.ProjectFileName=rtos_mg.ioc
ProjectManager.ProjectName=rtos_mg
ProjectManager.ProjectStructure=
ProjectManager.RegisterCallBack=
ProjectManager.StackSize=0x400
ProjectManager.TargetToolchain=CMake
ProjectManager.ToolChainLocation=
ProjectManager.UAScriptAfterPath=
ProjectManager.UAScriptBeforePath=
ProjectManager.UnderRoot=false
ProjectManager.functionlistsort=1-SystemClock_Config-RCC-false-HAL-false,2-MX_GPIO_Init-GPIO-false-HAL-true,3-MX_BDMA_Init-BDMA-false-HAL-true,4-MX_USART3_UART_Init-USART3-false-HAL-true,5-MX_ETH_Init-ETH-false-HAL-true,6-MX_RNG_Init-RNG-false-HAL-true,7-MX_I2C4_Init-I2C4-false-HAL-true,8-MX_ADC3_Init-ADC3-false-HAL-true,9-MX_ADC2_Init-ADC2-false-HAL-true,0-MX_CORTEX_M7_Init-CORTEX_M7-false-HAL-true
RCC.ADCFreq_Value=4000000
RCC.AHB12Freq_Value=275000000
RCC.AHB4Freq_Value=275000000
RCC.APB1Freq_Value=137500000
RCC.APB2Freq_Value=137500000
RCC.APB3Freq_Value=137500000
RCC.APB4Freq_Value=137500000
RCC.AXIClockFreq_Value=275000000
RCC.CECFreq_Value=32000
RCC.CKPERFreq_Value=64000000
RCC.CortexFreq_Value=550000000
RCC.CpuClockFreq_Value=550000000
RCC.D1CPREFreq_Value=550000000
RCC.D1PPRE=RCC_APB3_DIV2
RCC.D2PPRE1=RCC_APB1_DIV2
RCC.D2PPRE2=RCC_APB2_DIV2
RCC.D3PPRE=RCC_APB4_DIV2
RCC.DFSDMACLkFreq_Value=137500000
RCC.DFSDMFreq_Value=137500000
RCC.DIVM1=4
RCC.DIVM2=8
RCC.DIVN1=34
RCC.DIVN2=32
RCC.DIVP1=1
RCC.DIVP1Freq_Value=550000000
RCC.DIVP2=64
RCC.DIVP2Freq_Value=4000000
RCC.DIVP3Freq_Value=129000000
RCC.DIVQ1=4
RCC.DIVQ1Freq_Value=137500000
RCC.DIVQ2Freq_Value=128000000
RCC.DIVQ3Freq_Value=129000000
RCC.DIVR1Freq_Value=275000000
RCC.DIVR2Freq_Value=128000000
RCC.DIVR3Freq_Value=129000000
RCC.FDCANFreq_Value=137500000
RCC.FMCFreq_Value=275000000
RCC.FamilyName=M
RCC.HCLK3ClockFreq_Value=275000000
RCC.HCLKFreq_Value=275000000
RCC.HPRE=RCC_HCLK_DIV2
RCC.HSE_VALUE=8000000
RCC.I2C123Freq_Value=137500000
RCC.I2C4Freq_Value=137500000
RCC.IPParameters=ADCFreq_Value,AHB12Freq_Value,AHB4Freq_Value,APB1Freq_Value,APB2Freq_Value,APB3Freq_Value,APB4Freq_Value,AXIClockFreq_Value,CECFreq_Value,CKPERFreq_Value,CortexFreq_Value,CpuClockFreq_Value,D1CPREFreq_Value,D1PPRE,D2PPRE1,D2PPRE2,D3PPRE,DFSDMACLkFreq_Value,DFSDMFreq_Value,DIVM1,DIVM2,DIVN1,DIVN2,DIVP1,DIVP1Freq_Value,DIVP2,DIVP2Freq_Value,DIVP3Freq_Value,DIVQ1,DIVQ1Freq_Value,DIVQ2Freq_Value,DIVQ3Freq_Value,DIVR1Freq_Value,DIVR2Freq_Value,DIVR3Freq_Value,FDCANFreq_Value,FMCFreq_Value,FamilyName,HCLK3ClockFreq_Value,HCLKFreq_Value,HPRE,HSE_VALUE,I2C123Freq_Value,I2C4Freq_Value,LPTIM1Freq_Value,LPTIM2Freq_Value,LPTIM345Freq_Value,LPUART1Freq_Value,LTDCFreq_Value,MCO1PinFreq_Value,MCO2PinFreq_Value,PLLFRACN,QSPIFreq_Value,RNGFreq_Value,RTCFreq_Value,SAI1Freq_Value,SAI4AFreq_Value,SAI4BFreq_Value,SDMMCFreq_Value,SPDIFRXFreq_Value,SPI123Freq_Value,SPI45Freq_Value,SPI6Freq_Value,SWPMI1Freq_Value,SYSCLKFreq_VALUE,SYSCLKSource,Tim1OutputFreq_Value,Tim2OutputFreq_Value,TraceFreq_Value,USART16Freq_Value,USART234578Freq_Value,USBCLockSelection,USBFreq_Value,VCO1OutputFreq_Value,VCO2OutputFreq_Value,VCO3OutputFreq_Value,VCOInput1Freq_Value,VCOInput2Freq_Value,VCOInput3Freq_Value
RCC.LPTIM1Freq_Value=137500000
RCC.LPTIM2Freq_Value=137500000
RCC.LPTIM345Freq_Value=137500000
RCC.LPUART1Freq_Value=137500000
RCC.LTDCFreq_Value=129000000
RCC.MCO1PinFreq_Value=64000000
RCC.MCO2PinFreq_Value=550000000
RCC.PLLFRACN=3072
RCC.QSPIFreq_Value=275000000
RCC.RNGFreq_Value=48000000
RCC.RTCFreq_Value=32000
RCC.SAI1Freq_Value=137500000
RCC.SAI4AFreq_Value=137500000
RCC.SAI4BFreq_Value=137500000
RCC.SDMMCFreq_Value=137500000
RCC.SPDIFRXFreq_Value=137500000
RCC.SPI123Freq_Value=137500000
RCC.SPI45Freq_Value=137500000
RCC.SPI6Freq_Value=137500000
RCC.SWPMI1Freq_Value=137500000
RCC.SYSCLKFreq_VALUE=550000000
RCC.SYSCLKSource=RCC_SYSCLKSOURCE_PLLCLK
RCC.Tim1OutputFreq_Value=275000000
RCC.Tim2OutputFreq_Value=275000000
RCC.TraceFreq_Value=64000000
RCC.USART16Freq_Value=137500000
RCC.USART234578Freq_Value=137500000
RCC.USBCLockSelection=RCC_USBCLKSOURCE_HSI48
RCC.USBFreq_Value=48000000
RCC.VCO1OutputFreq_Value=550000000
RCC.VCO2OutputFreq_Value=256000000
RCC.VCO3OutputFreq_Value=258000000
RCC.VCOInput1Freq_Value=16000000
RCC.VCOInput2Freq_Value=8000000
RCC.VCOInput3Freq_Value=2000000
USART3.IPParameters=VirtualMode-Asynchronous
USART3.VirtualMode-Asynchronous=VM_ASYNC
VP_FREERTOS_VS_CMSIS_V2.Mode=CMSIS_V2
VP_FREERTOS_VS_CMSIS_V2.Signal=FREERTOS_VS_CMSIS_V2
VP_MEMORYMAP_VS_MEMORYMAP.Mode=CurAppReg
VP_MEMORYMAP_VS_MEMORYMAP.Signal=MEMORYMAP_VS_MEMORYMAP
VP_RNG_VS_RNG.Mode=RNG_Activate
VP_RNG_VS_RNG.Signal=RNG_VS_RNG
VP_SYS_VS_tim6.Mode=TIM6
VP_SYS_VS_tim6.Signal=SYS_VS_tim6
board=NUCLEO-H723ZG
boardIOC=true
rtos.0.ip=FREERTOS
